
Microsoft Visual Studio Solution File, Format Version 12.00
# Visual Studio Version 16
VisualStudioVersion = 16.0.29509.3
MinimumVisualStudioVersion = 10.0.40219.1
Project("{FAE04EC0-301F-11D3-BF4B-00C04F79EFBC}") = "AdoDash.Tests", "AdoDash\AdoDash.Tests.csproj", "{182283FF-EF7F-40FB-9A23-5BAD350DD928}"
EndProject
Project("{2150E333-8FDC-42A3-9474-1A3956D46DE8}") = "Solution Items", "Solution Items", "{7AFAC7E2-60C1-4510-A89A-015913205049}"
	ProjectSection(SolutionItems) = preProject
		package.json = package.json
		screener.config.js = screener.config.js
		..\setEnvironmentVariables.ps1 = ..\setEnvironmentVariables.ps1
	EndProjectSection
EndProject
Global
	GlobalSection(SolutionConfigurationPlatforms) = preSolution
		Debug|Any CPU = Debug|Any CPU
		Release|Any CPU = Release|Any CPU
	EndGlobalSection
	GlobalSection(ProjectConfigurationPlatforms) = postSolution
		{182283FF-EF7F-40FB-9A23-5BAD350DD928}.Debug|Any CPU.ActiveCfg = Debug|Any CPU
		{182283FF-EF7F-40FB-9A23-5BAD350DD928}.Debug|Any CPU.Build.0 = Debug|Any CPU
		{182283FF-EF7F-40FB-9A23-5BAD350DD928}.Release|Any CPU.ActiveCfg = Release|Any CPU
		{182283FF-EF7F-40FB-9A23-5BAD350DD928}.Release|Any CPU.Build.0 = Release|Any CPU
	EndGlobalSection
	GlobalSection(SolutionProperties) = preSolution
		HideSolutionNode = FALSE
	EndGlobalSection
	GlobalSection(ExtensibilityGlobals) = postSolution
		SolutionGuid = {773E1626-ADF1-47F4-8D28-8FF201BA6430}
	EndGlobalSection
EndGlobal
